<?xml version="1.0" encoding="utf-8"?>
<Project ToolsVersion="4.0" xmlns="http://schemas.microsoft.com/developer/msbuild/2003">
  <ItemGroup>
    <Filter Include="Source Files">
      <UniqueIdentifier>{4FC737F1-C7A5-4376-A066-2A32D752A2FF}</UniqueIdentifier>
      <Extensions>cpp;cxx;c;def</Extensions>
    </Filter>
    <Filter Include="Header Files">
      <UniqueIdentifier>{93995380-89BD-4b04-88EB-625FBE52EBFB}</UniqueIdentifier>
      <Extensions>h</Extensions>
    </Filter>
    <Filter Include="Form Files">
      <UniqueIdentifier>{99349809-55BA-4b9d-BF79-8FDBB0286EB3}</UniqueIdentifier>
      <Extensions>ui</Extensions>
    </Filter>
    <Filter Include="Resource Files">
      <UniqueIdentifier>{D9D6E242-F8AF-46E4-B9FD-80ECBC20BA3E}</UniqueIdentifier>
      <Extensions>qrc;*</Extensions>
      <ParseFiles>false</ParseFiles>
    </Filter>
    <Filter Include="Generated Files">
      <UniqueIdentifier>{71ED8ED8-ACB9-4CE9-BBE1-E00B30144E11}</UniqueIdentifier>
      <Extensions>moc;h;cpp</Extensions>
      <SourceControlFiles>False</SourceControlFiles>
    </Filter>
    <Filter Include="Generated Files\Debug">
      <UniqueIdentifier>{b44a2dac-9056-4bfa-947b-661f2c6f55cf}</UniqueIdentifier>
      <Extensions>cpp;moc</Extensions>
      <SourceControlFiles>False</SourceControlFiles>
    </Filter>
    <Filter Include="Generated Files\Release">
      <UniqueIdentifier>{39ca37f0-e627-41d4-b541-caf0e9853356}</UniqueIdentifier>
      <Extensions>cpp;moc</Extensions>
      <SourceControlFiles>False</SourceControlFiles>
    </Filter>
  </ItemGroup>
  <ItemGroup>
    <ClCompile Include="aboutdialog.cpp">
      <Filter>Source Files</Filter>
    </ClCompile>
    <ClCompile Include="card.cpp">
      <Filter>Source Files</Filter>
    </ClCompile>
    <ClCompile Include="carddialog.cpp">
      <Filter>Source Files</Filter>
    </ClCompile>
    <ClCompile Include="carditemdelegate.cpp">
      <Filter>Source Files</Filter>
    </ClCompile>
    <ClCompile Include="childwindow.cpp">
      <Filter>Source Files</Filter>
    </ClCompile>
    <ClCompile Include="clicktoshowbutton.cpp">
      <Filter>Source Files</Filter>
    </ClCompile>
    <ClCompile Include="combolabel.cpp">
      <Filter>Source Files</Filter>
    </ClCompile>
    <ClCompile Include="danaeditor.cpp">
      <Filter>Source Files</Filter>
    </ClCompile>
    <ClCompile Include="deck.cpp">
      <Filter>Source Files</Filter>
    </ClCompile>
    <ClCompile Include="deckitemdelegate.cpp">
      <Filter>Source Files</Filter>
    </ClCompile>
    <ClCompile Include="decklistwidget.cpp">
      <Filter>Source Files</Filter>
    </ClCompile>
    <ClCompile Include="decktable.cpp">
      <Filter>Source Files</Filter>
    </ClCompile>
    <ClCompile Include="deckwidget.cpp">
      <Filter>Source Files</Filter>
    </ClCompile>
    <ClCompile Include="deckwindow.cpp">
      <Filter>Source Files</Filter>
    </ClCompile>
    <ClCompile Include="deskwindow.cpp">
      <Filter>Source Files</Filter>
    </ClCompile>
    <ClCompile Include="downloaddialog.cpp">
      <Filter>Source Files</Filter>
    </ClCompile>
    <ClCompile Include="iconbutton.cpp">
      <Filter>Source Files</Filter>
    </ClCompile>
    <ClCompile Include="latexdialog.cpp">
      <Filter>Source Files</Filter>
    </ClCompile>
    <ClCompile Include="logindialog.cpp">
      <Filter>Source Files</Filter>
    </ClCompile>
    <ClCompile Include="main.cpp">
      <Filter>Source Files</Filter>
    </ClCompile>
    <ClCompile Include="mainwindow.cpp">
      <Filter>Source Files</Filter>
    </ClCompile>
    <ClCompile Include="mergedialog.cpp">
      <Filter>Source Files</Filter>
    </ClCompile>
    <ClCompile Include="networkmanager.cpp">
      <Filter>Source Files</Filter>
    </ClCompile>
    <ClCompile Include="pieview.cpp">
      <Filter>Source Files</Filter>
    </ClCompile>
    <ClCompile Include="progressdialog.cpp">
      <Filter>Source Files</Filter>
    </ClCompile>
    <ClCompile Include="proxydialog.cpp">
      <Filter>Source Files</Filter>
    </ClCompile>
    <ClCompile Include="qxdialog.cpp">
      <Filter>Source Files</Filter>
    </ClCompile>
    <ClCompile Include="qxfiledialog.cpp">
      <Filter>Source Files</Filter>
    </ClCompile>
    <ClCompile Include="qxsettings.cpp">
      <Filter>Source Files</Filter>
    </ClCompile>
    <ClCompile Include="reportdialog.cpp">
      <Filter>Source Files</Filter>
    </ClCompile>
    <ClCompile Include="reviewdialog.cpp">
      <Filter>Source Files</Filter>
    </ClCompile>
    <ClCompile Include="searchedit.cpp">
      <Filter>Source Files</Filter>
    </ClCompile>
    <ClCompile Include="spinlabel.cpp">
      <Filter>Source Files</Filter>
    </ClCompile>
    <ClCompile Include="verticallabel.cpp">
      <Filter>Source Files</Filter>
    </ClCompile>
    <ClCompile Include="zlibwrappr.cpp">
      <Filter>Source Files</Filter>
    </ClCompile>
    <ClCompile Include="histograph.cpp">
      <Filter>Source Files</Filter>
    </ClCompile>
    <ClCompile Include="..\bin\msvc2012\obj\GeneratedFiles\qrc_dana.cpp">
      <Filter>Source Files</Filter>
    </ClCompile>
    <ClCompile Include="..\3rdparty\qtsingleapplication\src\qtlocalpeer.cpp">
      <Filter>Source Files</Filter>
    </ClCompile>
    <ClCompile Include="..\3rdparty\qtsingleapplication\src\qtsingleapplication.cpp">
      <Filter>Source Files</Filter>
    </ClCompile>
    <ClCompile Include="..\3rdparty\qtspeech\QtSpeech_win.cpp">
      <Filter>Source Files</Filter>
    </ClCompile>
    <ClCompile Include="databasemanager.cpp">
      <Filter>Source Files</Filter>
    </ClCompile>
    <ClCompile Include="Modifier.cpp">
      <Filter>Source Files</Filter>
    </ClCompile>
    <ClCompile Include="mydeck.cpp">
      <Filter>Source Files</Filter>
    </ClCompile>
    <ClCompile Include="deckdatamodel.cpp">
      <Filter>Source Files</Filter>
    </ClCompile>
    <ClCompile Include="deckdialog.cpp">
      <Filter>Source Files</Filter>
    </ClCompile>
    <ClCompile Include="deckproxymodel.cpp">
      <Filter>Source Files</Filter>
    </ClCompile>
    <ClCompile Include="decklist.cpp">
      <Filter>Source Files</Filter>
    </ClCompile>
    <ClCompile Include="cardquery.cpp">
      <Filter>Source Files</Filter>
    </ClCompile>
    <ClCompile Include="ideck.cpp">
      <Filter>Source Files</Filter>
    </ClCompile>
    <ClCompile Include="..\bin\msvc2012\obj\moc\Debug\moc_aboutdialog.cpp">
      <Filter>Generated Files\Debug</Filter>
    </ClCompile>
    <ClCompile Include="..\bin\msvc2012\obj\moc\Release\moc_aboutdialog.cpp">
      <Filter>Generated Files\Release</Filter>
    </ClCompile>
    <ClCompile Include="..\bin\msvc2012\obj\moc\Debug\moc_card.cpp">
      <Filter>Generated Files\Debug</Filter>
    </ClCompile>
    <ClCompile Include="..\bin\msvc2012\obj\moc\Release\moc_card.cpp">
      <Filter>Generated Files\Release</Filter>
    </ClCompile>
    <ClCompile Include="..\bin\msvc2012\obj\moc\Debug\moc_carddialog.cpp">
      <Filter>Generated Files\Debug</Filter>
    </ClCompile>
    <ClCompile Include="..\bin\msvc2012\obj\moc\Release\moc_carddialog.cpp">
      <Filter>Generated Files\Release</Filter>
    </ClCompile>
    <ClCompile Include="..\bin\msvc2012\obj\moc\Debug\moc_carditemdelegate.cpp">
      <Filter>Generated Files\Debug</Filter>
    </ClCompile>
    <ClCompile Include="..\bin\msvc2012\obj\moc\Release\moc_carditemdelegate.cpp">
      <Filter>Generated Files\Release</Filter>
    </ClCompile>
    <ClCompile Include="..\bin\msvc2012\obj\moc\Debug\moc_deckproxymodel.cpp">
      <Filter>Generated Files\Debug</Filter>
    </ClCompile>
    <ClCompile Include="..\bin\msvc2012\obj\moc\Release\moc_deckproxymodel.cpp">
      <Filter>Generated Files\Release</Filter>
    </ClCompile>
    <ClCompile Include="..\bin\msvc2012\obj\moc\Debug\moc_cardquery.cpp">
      <Filter>Generated Files\Debug</Filter>
    </ClCompile>
    <ClCompile Include="..\bin\msvc2012\obj\moc\Release\moc_cardquery.cpp">
      <Filter>Generated Files\Release</Filter>
    </ClCompile>
    <ClCompile Include="..\bin\msvc2012\obj\moc\Debug\moc_childwindow.cpp">
      <Filter>Generated Files\Debug</Filter>
    </ClCompile>
    <ClCompile Include="..\bin\msvc2012\obj\moc\Release\moc_childwindow.cpp">
      <Filter>Generated Files\Release</Filter>
    </ClCompile>
    <ClCompile Include="..\bin\msvc2012\obj\moc\Debug\moc_clickablelabel.cpp">
      <Filter>Generated Files\Debug</Filter>
    </ClCompile>
    <ClCompile Include="..\bin\msvc2012\obj\moc\Release\moc_clickablelabel.cpp">
      <Filter>Generated Files\Release</Filter>
    </ClCompile>
    <ClCompile Include="..\bin\msvc2012\obj\moc\Debug\moc_clicktoshowbutton.cpp">
      <Filter>Generated Files\Debug</Filter>
    </ClCompile>
    <ClCompile Include="..\bin\msvc2012\obj\moc\Release\moc_clicktoshowbutton.cpp">
      <Filter>Generated Files\Release</Filter>
    </ClCompile>
    <ClCompile Include="..\bin\msvc2012\obj\moc\Debug\moc_combolabel.cpp">
      <Filter>Generated Files\Debug</Filter>
    </ClCompile>
    <ClCompile Include="..\bin\msvc2012\obj\moc\Release\moc_combolabel.cpp">
      <Filter>Generated Files\Release</Filter>
    </ClCompile>
    <ClCompile Include="..\bin\msvc2012\obj\moc\Debug\moc_danaeditor.cpp">
      <Filter>Generated Files\Debug</Filter>
    </ClCompile>
    <ClCompile Include="..\bin\msvc2012\obj\moc\Release\moc_danaeditor.cpp">
      <Filter>Generated Files\Release</Filter>
    </ClCompile>
    <ClCompile Include="..\bin\msvc2012\obj\moc\Debug\moc_deck.cpp">
      <Filter>Generated Files\Debug</Filter>
    </ClCompile>
    <ClCompile Include="..\bin\msvc2012\obj\moc\Release\moc_deck.cpp">
      <Filter>Generated Files\Release</Filter>
    </ClCompile>
    <ClCompile Include="..\bin\msvc2012\obj\moc\Debug\moc_deckdialog.cpp">
      <Filter>Generated Files\Debug</Filter>
    </ClCompile>
    <ClCompile Include="..\bin\msvc2012\obj\moc\Release\moc_deckdialog.cpp">
      <Filter>Generated Files\Release</Filter>
    </ClCompile>
    <ClCompile Include="..\bin\msvc2012\obj\moc\Debug\moc_deckitemdelegate.cpp">
      <Filter>Generated Files\Debug</Filter>
    </ClCompile>
    <ClCompile Include="..\bin\msvc2012\obj\moc\Release\moc_deckitemdelegate.cpp">
      <Filter>Generated Files\Release</Filter>
    </ClCompile>
    <ClCompile Include="..\bin\msvc2012\obj\moc\Debug\moc_decklist.cpp">
      <Filter>Generated Files\Debug</Filter>
    </ClCompile>
    <ClCompile Include="..\bin\msvc2012\obj\moc\Release\moc_decklist.cpp">
      <Filter>Generated Files\Release</Filter>
    </ClCompile>
    <ClCompile Include="..\bin\msvc2012\obj\moc\Debug\moc_decklistwidget.cpp">
      <Filter>Generated Files\Debug</Filter>
    </ClCompile>
    <ClCompile Include="..\bin\msvc2012\obj\moc\Release\moc_decklistwidget.cpp">
      <Filter>Generated Files\Release</Filter>
    </ClCompile>
    <ClCompile Include="..\bin\msvc2012\obj\moc\Debug\moc_decktable.cpp">
      <Filter>Generated Files\Debug</Filter>
    </ClCompile>
    <ClCompile Include="..\bin\msvc2012\obj\moc\Release\moc_decktable.cpp">
      <Filter>Generated Files\Release</Filter>
    </ClCompile>
    <ClCompile Include="..\bin\msvc2012\obj\moc\Debug\moc_deckwidget.cpp">
      <Filter>Generated Files\Debug</Filter>
    </ClCompile>
    <ClCompile Include="..\bin\msvc2012\obj\moc\Release\moc_deckwidget.cpp">
      <Filter>Generated Files\Release</Filter>
    </ClCompile>
    <ClCompile Include="..\bin\msvc2012\obj\moc\Debug\moc_deckwindow.cpp">
      <Filter>Generated Files\Debug</Filter>
    </ClCompile>
    <ClCompile Include="..\bin\msvc2012\obj\moc\Release\moc_deckwindow.cpp">
      <Filter>Generated Files\Release</Filter>
    </ClCompile>
    <ClCompile Include="..\bin\msvc2012\obj\moc\Debug\moc_deskwindow.cpp">
      <Filter>Generated Files\Debug</Filter>
    </ClCompile>
    <ClCompile Include="..\bin\msvc2012\obj\moc\Release\moc_deskwindow.cpp">
      <Filter>Generated Files\Release</Filter>
    </ClCompile>
    <ClCompile Include="..\bin\msvc2012\obj\moc\Debug\moc_downloaddialog.cpp">
      <Filter>Generated Files\Debug</Filter>
    </ClCompile>
    <ClCompile Include="..\bin\msvc2012\obj\moc\Release\moc_downloaddialog.cpp">
      <Filter>Generated Files\Release</Filter>
    </ClCompile>
    <ClCompile Include="..\bin\msvc2012\obj\moc\Debug\moc_histograph.cpp">
      <Filter>Generated Files\Debug</Filter>
    </ClCompile>
    <ClCompile Include="..\bin\msvc2012\obj\moc\Release\moc_histograph.cpp">
      <Filter>Generated Files\Release</Filter>
    </ClCompile>
    <ClCompile Include="..\bin\msvc2012\obj\moc\Debug\moc_iconbutton.cpp">
      <Filter>Generated Files\Debug</Filter>
    </ClCompile>
    <ClCompile Include="..\bin\msvc2012\obj\moc\Release\moc_iconbutton.cpp">
      <Filter>Generated Files\Release</Filter>
    </ClCompile>
    <ClCompile Include="..\bin\msvc2012\obj\moc\Debug\moc_ideck.cpp">
      <Filter>Generated Files\Debug</Filter>
    </ClCompile>
    <ClCompile Include="..\bin\msvc2012\obj\moc\Release\moc_ideck.cpp">
      <Filter>Generated Files\Release</Filter>
    </ClCompile>
    <ClCompile Include="..\bin\msvc2012\obj\moc\Debug\moc_latexdialog.cpp">
      <Filter>Generated Files\Debug</Filter>
    </ClCompile>
    <ClCompile Include="..\bin\msvc2012\obj\moc\Release\moc_latexdialog.cpp">
      <Filter>Generated Files\Release</Filter>
    </ClCompile>
    <ClCompile Include="..\bin\msvc2012\obj\moc\Debug\moc_logindialog.cpp">
      <Filter>Generated Files\Debug</Filter>
    </ClCompile>
    <ClCompile Include="..\bin\msvc2012\obj\moc\Release\moc_logindialog.cpp">
      <Filter>Generated Files\Release</Filter>
    </ClCompile>
    <ClCompile Include="..\bin\msvc2012\obj\moc\Debug\moc_mainwindow.cpp">
      <Filter>Generated Files\Debug</Filter>
    </ClCompile>
    <ClCompile Include="..\bin\msvc2012\obj\moc\Release\moc_mainwindow.cpp">
      <Filter>Generated Files\Release</Filter>
    </ClCompile>
    <ClCompile Include="..\bin\msvc2012\obj\moc\Debug\moc_mergedialog.cpp">
      <Filter>Generated Files\Debug</Filter>
    </ClCompile>
    <ClCompile Include="..\bin\msvc2012\obj\moc\Release\moc_mergedialog.cpp">
      <Filter>Generated Files\Release</Filter>
    </ClCompile>
    <ClCompile Include="..\bin\msvc2012\obj\moc\Debug\moc_mydeck.cpp">
      <Filter>Generated Files\Debug</Filter>
    </ClCompile>
    <ClCompile Include="..\bin\msvc2012\obj\moc\Release\moc_mydeck.cpp">
      <Filter>Generated Files\Release</Filter>
    </ClCompile>
    <ClCompile Include="..\bin\msvc2012\obj\moc\Debug\moc_networkmanager.cpp">
      <Filter>Generated Files\Debug</Filter>
    </ClCompile>
    <ClCompile Include="..\bin\msvc2012\obj\moc\Release\moc_networkmanager.cpp">
      <Filter>Generated Files\Release</Filter>
    </ClCompile>
    <ClCompile Include="..\bin\msvc2012\obj\moc\Debug\moc_pieview.cpp">
      <Filter>Generated Files\Debug</Filter>
    </ClCompile>
    <ClCompile Include="..\bin\msvc2012\obj\moc\Release\moc_pieview.cpp">
      <Filter>Generated Files\Release</Filter>
    </ClCompile>
    <ClCompile Include="..\bin\msvc2012\obj\moc\Debug\moc_progressdialog.cpp">
      <Filter>Generated Files\Debug</Filter>
    </ClCompile>
    <ClCompile Include="..\bin\msvc2012\obj\moc\Release\moc_progressdialog.cpp">
      <Filter>Generated Files\Release</Filter>
    </ClCompile>
    <ClCompile Include="..\bin\msvc2012\obj\moc\Debug\moc_proxydialog.cpp">
      <Filter>Generated Files\Debug</Filter>
    </ClCompile>
    <ClCompile Include="..\bin\msvc2012\obj\moc\Release\moc_proxydialog.cpp">
      <Filter>Generated Files\Release</Filter>
    </ClCompile>
    <ClCompile Include="..\bin\msvc2012\obj\moc\Debug\moc_qxdialog.cpp">
      <Filter>Generated Files\Debug</Filter>
    </ClCompile>
    <ClCompile Include="..\bin\msvc2012\obj\moc\Release\moc_qxdialog.cpp">
      <Filter>Generated Files\Release</Filter>
    </ClCompile>
    <ClCompile Include="..\bin\msvc2012\obj\moc\Debug\moc_qxfiledialog.cpp">
      <Filter>Generated Files\Debug</Filter>
    </ClCompile>
    <ClCompile Include="..\bin\msvc2012\obj\moc\Release\moc_qxfiledialog.cpp">
      <Filter>Generated Files\Release</Filter>
    </ClCompile>
    <ClCompile Include="..\bin\msvc2012\obj\moc\Debug\moc_qxsettings.cpp">
      <Filter>Generated Files\Debug</Filter>
    </ClCompile>
    <ClCompile Include="..\bin\msvc2012\obj\moc\Release\moc_qxsettings.cpp">
      <Filter>Generated Files\Release</Filter>
    </ClCompile>
    <ClCompile Include="..\bin\msvc2012\obj\moc\Debug\moc_reportdialog.cpp">
      <Filter>Generated Files\Debug</Filter>
    </ClCompile>
    <ClCompile Include="..\bin\msvc2012\obj\moc\Release\moc_reportdialog.cpp">
      <Filter>Generated Files\Release</Filter>
    </ClCompile>
    <ClCompile Include="..\bin\msvc2012\obj\moc\Debug\moc_reviewdialog.cpp">
      <Filter>Generated Files\Debug</Filter>
    </ClCompile>
    <ClCompile Include="..\bin\msvc2012\obj\moc\Release\moc_reviewdialog.cpp">
      <Filter>Generated Files\Release</Filter>
    </ClCompile>
    <ClCompile Include="..\bin\msvc2012\obj\moc\Debug\moc_searchedit.cpp">
      <Filter>Generated Files\Debug</Filter>
    </ClCompile>
    <ClCompile Include="..\bin\msvc2012\obj\moc\Release\moc_searchedit.cpp">
      <Filter>Generated Files\Release</Filter>
    </ClCompile>
    <ClCompile Include="..\bin\msvc2012\obj\moc\Debug\moc_spinlabel.cpp">
      <Filter>Generated Files\Debug</Filter>
    </ClCompile>
    <ClCompile Include="..\bin\msvc2012\obj\moc\Release\moc_spinlabel.cpp">
      <Filter>Generated Files\Release</Filter>
    </ClCompile>
    <ClCompile Include="..\bin\msvc2012\obj\moc\Debug\moc_verticallabel.cpp">
      <Filter>Generated Files\Debug</Filter>
    </ClCompile>
    <ClCompile Include="..\bin\msvc2012\obj\moc\Release\moc_verticallabel.cpp">
      <Filter>Generated Files\Release</Filter>
    </ClCompile>
    <ClCompile Include="..\bin\msvc2012\obj\moc\Debug\moc_QtSpeech.cpp">
      <Filter>Generated Files\Debug</Filter>
    </ClCompile>
    <ClCompile Include="..\bin\msvc2012\obj\moc\Release\moc_QtSpeech.cpp">
      <Filter>Generated Files\Release</Filter>
    </ClCompile>
    <ClCompile Include="..\bin\msvc2012\obj\moc\Debug\moc_qtlocalpeer.cpp">
      <Filter>Generated Files\Debug</Filter>
    </ClCompile>
    <ClCompile Include="..\bin\msvc2012\obj\moc\Release\moc_qtlocalpeer.cpp">
      <Filter>Generated Files\Release</Filter>
    </ClCompile>
    <ClCompile Include="..\bin\msvc2012\obj\moc\Debug\moc_qtsingleapplication.cpp">
      <Filter>Generated Files\Debug</Filter>
    </ClCompile>
    <ClCompile Include="..\bin\msvc2012\obj\moc\Release\moc_qtsingleapplication.cpp">
      <Filter>Generated Files\Release</Filter>
    </ClCompile>
    <ClCompile Include="deckformat.cpp">
      <Filter>Source Files</Filter>
    </ClCompile>
    <ClCompile Include="..\bin\msvc2012\obj\moc\Debug\moc_deckformat.cpp">
      <Filter>Generated Files\Debug</Filter>
    </ClCompile>
    <ClCompile Include="..\bin\msvc2012\obj\moc\Release\moc_deckformat.cpp">
      <Filter>Generated Files\Release</Filter>
    </ClCompile>
    <ClCompile Include="cardhistory.cpp">
      <Filter>Source Files</Filter>
    </ClCompile>
    <ClCompile Include="..\bin\msvc2012\obj\moc\Debug\moc_cardhistory.cpp">
      <Filter>Generated Files\Debug</Filter>
    </ClCompile>
    <ClCompile Include="..\bin\msvc2012\obj\moc\Release\moc_cardhistory.cpp">
      <Filter>Generated Files\Release</Filter>
    </ClCompile>
    <ClCompile Include="configdialog.cpp">
      <Filter>Source Files</Filter>
    </ClCompile>
    <ClCompile Include="..\bin\msvc2012\obj\moc\Debug\moc_configdialog.cpp">
      <Filter>Generated Files\Debug</Filter>
    </ClCompile>
    <ClCompile Include="..\bin\msvc2012\obj\moc\Release\moc_configdialog.cpp">
      <Filter>Generated Files\Release</Filter>
    </ClCompile>
    <ClCompile Include="configpages.cpp">
      <Filter>Source Files</Filter>
    </ClCompile>
    <ClCompile Include="qxpushbutton.cpp">
      <Filter>Source Files</Filter>
    </ClCompile>
    <ClCompile Include="..\bin\msvc2012\obj\moc\Release\moc_qxpushbutton.cpp">
      <Filter>Generated Files\Release</Filter>
    </ClCompile>
    <ClCompile Include="..\bin\msvc2012\obj\moc\Debug\moc_configpages.cpp">
      <Filter>Generated Files\Debug</Filter>
    </ClCompile>
    <ClCompile Include="..\bin\msvc2012\obj\moc\Release\moc_configpages.cpp">
      <Filter>Generated Files\Release</Filter>
    </ClCompile>
    <ClCompile Include="preferences.cpp">
      <Filter>Source Files</Filter>
    </ClCompile>
    <ClCompile Include="..\bin\msvc2012\obj\moc\Debug\moc_qxpushbutton.cpp">
      <Filter>Generated Files\Debug</Filter>
    </ClCompile>
    <ClCompile Include="querydialog.cpp">
      <Filter>Source Files</Filter>
    </ClCompile>
    <ClCompile Include="..\bin\msvc2012\obj\moc\Debug\moc_querydialog.cpp">
      <Filter>Generated Files\Debug</Filter>
    </ClCompile>
    <ClCompile Include="..\bin\msvc2012\obj\moc\Release\moc_querydialog.cpp">
      <Filter>Generated Files\Release</Filter>
    </ClCompile>
    <ClCompile Include="simplecrypt.cpp">
      <Filter>Source Files</Filter>
    </ClCompile>
    <ClCompile Include="..\bin\msvc2012\obj\moc\Debug\moc_tempdeck.cpp">
      <Filter>Generated Files\Debug</Filter>
    </ClCompile>
    <ClCompile Include="..\bin\msvc2012\obj\moc\Release\moc_tempdeck.cpp">
      <Filter>Generated Files\Release</Filter>
    </ClCompile>
    <ClCompile Include="tempdeck.cpp">
      <Filter>Source Files</Filter>
    </ClCompile>
    <ClCompile Include="qxmessagebox.cpp">
      <Filter>Source Files</Filter>
    </ClCompile>
    <ClCompile Include="..\bin\msvc2012\obj\moc\Debug\moc_qxmessagebox.cpp">
      <Filter>Generated Files\Debug</Filter>
    </ClCompile>
    <ClCompile Include="..\bin\msvc2012\obj\moc\Release\moc_qxmessagebox.cpp">
      <Filter>Generated Files\Release</Filter>
    </ClCompile>
    <ClCompile Include="busyindicator.cpp">
      <Filter>Source Files</Filter>
    </ClCompile>
    <ClCompile Include="..\bin\msvc2012\obj\moc\Debug\moc_busyindicator.cpp">
      <Filter>Generated Files\Debug</Filter>
    </ClCompile>
    <ClCompile Include="..\bin\msvc2012\obj\moc\Release\moc_busyindicator.cpp">
      <Filter>Generated Files\Release</Filter>
    </ClCompile>
    <ClCompile Include="decklistdatamodel.cpp">
      <Filter>Source Files</Filter>
    </ClCompile>
    <ClCompile Include="decklistproxymodel.cpp">
      <Filter>Source Files</Filter>
    </ClCompile>
    <ClCompile Include="..\bin\msvc2012\obj\moc\Debug\moc_decklistproxymodel.cpp">
      <Filter>Generated Files\Debug</Filter>
    </ClCompile>
    <ClCompile Include="..\bin\msvc2012\obj\moc\Release\moc_decklistproxymodel.cpp">
      <Filter>Generated Files\Release</Filter>
    </ClCompile>
    <ClCompile Include="..\bin\msvc2012\obj\moc\Debug\moc_decklistdatamodel.cpp">
      <Filter>Generated Files\Debug</Filter>
    </ClCompile>
    <ClCompile Include="..\bin\msvc2012\obj\moc\Release\moc_decklistdatamodel.cpp">
      <Filter>Generated Files\Release</Filter>
    </ClCompile>
    <ClCompile Include="..\bin\msvc2012\obj\moc\Debug\moc_deckdatamodel.cpp">
      <Filter>Generated Files\Debug</Filter>
    </ClCompile>
    <ClCompile Include="..\bin\msvc2012\obj\moc\Release\moc_deckdatamodel.cpp">
      <Filter>Generated Files\Release</Filter>
    </ClCompile>
    <ClCompile Include="..\bin\msvc2012\obj\moc\Debug\moc_decklistdatamodelsingle.cpp">
      <Filter>Generated Files\Debug</Filter>
    </ClCompile>
    <ClCompile Include="..\bin\msvc2012\obj\moc\Release\moc_decklistdatamodelsingle.cpp">
      <Filter>Generated Files\Release</Filter>
    </ClCompile>
    <ClCompile Include="decklistdatamodelsingle.cpp">
      <Filter>Source Files</Filter>
    </ClCompile>
    <ClCompile Include="uploaddialog.cpp">
      <Filter>Source Files</Filter>
    </ClCompile>
    <ClCompile Include="..\bin\msvc2012\obj\moc\Debug\moc_uploaddialog.cpp">
      <Filter>Generated Files\Debug</Filter>
    </ClCompile>
    <ClCompile Include="..\bin\msvc2012\obj\moc\Release\moc_uploaddialog.cpp">
      <Filter>Generated Files\Release</Filter>
    </ClCompile>
    <ClCompile Include="filedownloader.cpp">
      <Filter>Source Files</Filter>
    </ClCompile>
    <ClCompile Include="..\bin\msvc2012\obj\moc\Debug\moc_filedownloader.cpp">
      <Filter>Generated Files\Debug</Filter>
    </ClCompile>
    <ClCompile Include="..\bin\msvc2012\obj\moc\Release\moc_filedownloader.cpp">
      <Filter>Generated Files\Release</Filter>
    </ClCompile>
  </ItemGroup>
  <ItemGroup>
    <CustomBuild Include="dana.ico">
      <Filter>Resource Files</Filter>
    </CustomBuild>
    <CustomBuild Include="images\about.png">
      <Filter>Resource Files</Filter>
    </CustomBuild>
    <CustomBuild Include="images\card-edit.png">
      <Filter>Resource Files</Filter>
    </CustomBuild>
    <CustomBuild Include="images\card-new.png">
      <Filter>Resource Files</Filter>
    </CustomBuild>
    <CustomBuild Include="images\card-open.png">
      <Filter>Resource Files</Filter>
    </CustomBuild>
    <CustomBuild Include="images\card-remove.png">
      <Filter>Resource Files</Filter>
    </CustomBuild>
    <CustomBuild Include="images\close.png">
      <Filter>Resource Files</Filter>
    </CustomBuild>
    <CustomBuild Include="images\dana_16.png">
      <Filter>Resource Files</Filter>
    </CustomBuild>
    <CustomBuild Include="images\dana_24.png">
      <Filter>Resource Files</Filter>
    </CustomBuild>
    <CustomBuild Include="images\dana_32.png">
      <Filter>Resource Files</Filter>
    </CustomBuild>
    <CustomBuild Include="images\dana_48.png">
      <Filter>Resource Files</Filter>
    </CustomBuild>
    <CustomBuild Include="images\dana_64.png">
      <Filter>Resource Files</Filter>
    </CustomBuild>
    <CustomBuild Include="images\dana_72.png">
      <Filter>Resource Files</Filter>
    </CustomBuild>
    <CustomBuild Include="images\dana_96.png">
      <Filter>Resource Files</Filter>
    </CustomBuild>
    <CustomBuild Include="images\deck-create.png">
      <Filter>Resource Files</Filter>
    </CustomBuild>
    <CustomBuild Include="images\deck-remove.png">
      <Filter>Resource Files</Filter>
    </CustomBuild>
    <CustomBuild Include="images\deck-download.png">
      <Filter>Resource Files</Filter>
    </CustomBuild>
    <CustomBuild Include="images\deck-edit.png">
      <Filter>Resource Files</Filter>
    </CustomBuild>
    <CustomBuild Include="images\deck-export.png">
      <Filter>Resource Files</Filter>
    </CustomBuild>
    <CustomBuild Include="images\deck-import.png">
      <Filter>Resource Files</Filter>
    </CustomBuild>
    <CustomBuild Include="images\deck-merge.png">
      <Filter>Resource Files</Filter>
    </CustomBuild>
    <CustomBuild Include="images\deck-open.png">
      <Filter>Resource Files</Filter>
    </CustomBuild>
    <CustomBuild Include="images\deck-upload.png">
      <Filter>Resource Files</Filter>
    </CustomBuild>
    <CustomBuild Include="images\deck_48.png">
      <Filter>Resource Files</Filter>
    </CustomBuild>
    <CustomBuild Include="images\deck_64.png">
      <Filter>Resource Files</Filter>
    </CustomBuild>
    <CustomBuild Include="images\desk.png">
      <Filter>Resource Files</Filter>
    </CustomBuild>
    <CustomBuild Include="images\difficulty-easy.png">
      <Filter>Resource Files</Filter>
    </CustomBuild>
    <CustomBuild Include="images\difficulty-hard.png">
      <Filter>Resource Files</Filter>
    </CustomBuild>
    <CustomBuild Include="images\difficulty-normal.png">
      <Filter>Resource Files</Filter>
    </CustomBuild>
    <CustomBuild Include="images\exit.png">
      <Filter>Resource Files</Filter>
    </CustomBuild>
    <CustomBuild Include="images\filter.png">
      <Filter>Resource Files</Filter>
    </CustomBuild>
    <CustomBuild Include="images\flip.png">
      <Filter>Resource Files</Filter>
    </CustomBuild>
    <CustomBuild Include="images\danaeditor\format-clear.png">
      <Filter>Resource Files</Filter>
    </CustomBuild>
    <CustomBuild Include="images\danaeditor\format-font.png">
      <Filter>Resource Files</Filter>
    </CustomBuild>
    <CustomBuild Include="images\danaeditor\format-indent-less.png">
      <Filter>Resource Files</Filter>
    </CustomBuild>
    <CustomBuild Include="images\danaeditor\format-indent-more.png">
      <Filter>Resource Files</Filter>
    </CustomBuild>
    <CustomBuild Include="images\danaeditor\format-justify-center.png">
      <Filter>Resource Files</Filter>
    </CustomBuild>
    <CustomBuild Include="images\danaeditor\format-justify-fill.png">
      <Filter>Resource Files</Filter>
    </CustomBuild>
    <CustomBuild Include="images\danaeditor\format-justify-left.png">
      <Filter>Resource Files</Filter>
    </CustomBuild>
    <CustomBuild Include="images\danaeditor\format-justify-right.png">
      <Filter>Resource Files</Filter>
    </CustomBuild>
    <CustomBuild Include="images\danaeditor\format-list-ordered.png">
      <Filter>Resource Files</Filter>
    </CustomBuild>
    <CustomBuild Include="images\danaeditor\format-list-unordered.png">
      <Filter>Resource Files</Filter>
    </CustomBuild>
    <CustomBuild Include="images\danaeditor\format-text-bold.png">
      <Filter>Resource Files</Filter>
    </CustomBuild>
    <CustomBuild Include="images\danaeditor\format-text-color.png">
      <Filter>Resource Files</Filter>
    </CustomBuild>
    <CustomBuild Include="images\danaeditor\format-text-direction-ltr.png">
      <Filter>Resource Files</Filter>
    </CustomBuild>
    <CustomBuild Include="images\danaeditor\format-text-direction-rtl.png">
      <Filter>Resource Files</Filter>
    </CustomBuild>
    <CustomBuild Include="images\danaeditor\format-text-italic.png">
      <Filter>Resource Files</Filter>
    </CustomBuild>
    <CustomBuild Include="images\danaeditor\format-text-strikethrough.png">
      <Filter>Resource Files</Filter>
    </CustomBuild>
    <CustomBuild Include="images\danaeditor\format-text-underline.png">
      <Filter>Resource Files</Filter>
    </CustomBuild>
    <CustomBuild Include="images\danaeditor\latex.png">
      <Filter>Resource Files</Filter>
    </CustomBuild>
    <CustomBuild Include="images\danaeditor\listen.png">
      <Filter>Resource Files</Filter>
    </CustomBuild>
    <CustomBuild Include="images\next.png">
      <Filter>Resource Files</Filter>
    </CustomBuild>
    <CustomBuild Include="images\pause.png">
      <Filter>Resource Files</Filter>
    </CustomBuild>
    <CustomBuild Include="images\danaeditor\picture.png">
      <Filter>Resource Files</Filter>
    </CustomBuild>
    <CustomBuild Include="images\pie.png">
      <Filter>Resource Files</Filter>
    </CustomBuild>
    <CustomBuild Include="images\prev.png">
      <Filter>Resource Files</Filter>
    </CustomBuild>
    <CustomBuild Include="images\quick-query.png">
      <Filter>Resource Files</Filter>
    </CustomBuild>
    <CustomBuild Include="images\review.png">
      <Filter>Resource Files</Filter>
    </CustomBuild>
    <CustomBuild Include="images\save.png">
      <Filter>Resource Files</Filter>
    </CustomBuild>
    <CustomBuild Include="images\search.png">
      <Filter>Resource Files</Filter>
    </CustomBuild>
    <CustomBuild Include="images\danaeditor\show-toolbar.png">
      <Filter>Resource Files</Filter>
    </CustomBuild>
    <CustomBuild Include="images\starred.png">
      <Filter>Resource Files</Filter>
    </CustomBuild>
    <CustomBuild Include="images\study.png">
      <Filter>Resource Files</Filter>
    </CustomBuild>
    <CustomBuild Include="images\thumb-down.png">
      <Filter>Resource Files</Filter>
    </CustomBuild>
    <CustomBuild Include="images\thumb-up.png">
      <Filter>Resource Files</Filter>
    </CustomBuild>
    <CustomBuild Include="images\unstarred.png">
      <Filter>Resource Files</Filter>
    </CustomBuild>
    <CustomBuild Include="verticallabel.h">
      <Filter>Header Files</Filter>
    </CustomBuild>
    <CustomBuild Include="spinlabel.h">
      <Filter>Header Files</Filter>
    </CustomBuild>
    <CustomBuild Include="searchedit.h">
      <Filter>Header Files</Filter>
    </CustomBuild>
    <CustomBuild Include="reviewdialog.h">
      <Filter>Header Files</Filter>
    </CustomBuild>
    <CustomBuild Include="reportdialog.h">
      <Filter>Header Files</Filter>
    </CustomBuild>
    <CustomBuild Include="qxsettings.h">
      <Filter>Header Files</Filter>
    </CustomBuild>
    <CustomBuild Include="qxfiledialog.h">
      <Filter>Header Files</Filter>
    </CustomBuild>
    <CustomBuild Include="qxdialog.h">
      <Filter>Header Files</Filter>
    </CustomBuild>
    <CustomBuild Include="proxydialog.h">
      <Filter>Header Files</Filter>
    </CustomBuild>
    <CustomBuild Include="progressdialog.h">
      <Filter>Header Files</Filter>
    </CustomBuild>
    <CustomBuild Include="pieview.h">
      <Filter>Header Files</Filter>
    </CustomBuild>
    <CustomBuild Include="networkmanager.h">
      <Filter>Header Files</Filter>
    </CustomBuild>
    <CustomBuild Include="mydeck.h">
      <Filter>Header Files</Filter>
    </CustomBuild>
    <CustomBuild Include="mergedialog.h">
      <Filter>Header Files</Filter>
    </CustomBuild>
    <CustomBuild Include="mainwindow.h">
      <Filter>Header Files</Filter>
    </CustomBuild>
    <CustomBuild Include="logindialog.h">
      <Filter>Header Files</Filter>
    </CustomBuild>
    <CustomBuild Include="latexdialog.h">
      <Filter>Header Files</Filter>
    </CustomBuild>
    <CustomBuild Include="ideck.h">
      <Filter>Header Files</Filter>
    </CustomBuild>
    <CustomBuild Include="iconbutton.h">
      <Filter>Header Files</Filter>
    </CustomBuild>
    <CustomBuild Include="histograph.h">
      <Filter>Header Files</Filter>
    </CustomBuild>
    <CustomBuild Include="downloaddialog.h">
      <Filter>Header Files</Filter>
    </CustomBuild>
    <CustomBuild Include="deskwindow.h">
      <Filter>Header Files</Filter>
    </CustomBuild>
    <CustomBuild Include="deckwindow.h">
      <Filter>Header Files</Filter>
    </CustomBuild>
    <CustomBuild Include="deckwidget.h">
      <Filter>Header Files</Filter>
    </CustomBuild>
    <CustomBuild Include="decktable.h">
      <Filter>Header Files</Filter>
    </CustomBuild>
    <CustomBuild Include="decklistwidget.h">
      <Filter>Header Files</Filter>
    </CustomBuild>
    <CustomBuild Include="decklist.h">
      <Filter>Header Files</Filter>
    </CustomBuild>
    <CustomBuild Include="deckitemdelegate.h">
      <Filter>Header Files</Filter>
    </CustomBuild>
    <CustomBuild Include="deckdialog.h">
      <Filter>Header Files</Filter>
    </CustomBuild>
    <CustomBuild Include="deck.h">
      <Filter>Header Files</Filter>
    </CustomBuild>
    <CustomBuild Include="danaeditor.h">
      <Filter>Header Files</Filter>
    </CustomBuild>
    <CustomBuild Include="combolabel.h">
      <Filter>Header Files</Filter>
    </CustomBuild>
    <CustomBuild Include="clicktoshowbutton.h">
      <Filter>Header Files</Filter>
    </CustomBuild>
    <CustomBuild Include="clickablelabel.h">
      <Filter>Header Files</Filter>
    </CustomBuild>
    <CustomBuild Include="childwindow.h">
      <Filter>Header Files</Filter>
    </CustomBuild>
    <CustomBuild Include="cardquery.h">
      <Filter>Header Files</Filter>
    </CustomBuild>
    <CustomBuild Include="deckproxymodel.h">
      <Filter>Header Files</Filter>
    </CustomBuild>
    <CustomBuild Include="carditemdelegate.h">
      <Filter>Header Files</Filter>
    </CustomBuild>
    <CustomBuild Include="carddialog.h">
      <Filter>Header Files</Filter>
    </CustomBuild>
    <CustomBuild Include="deckdatamodel.h">
      <Filter>Header Files</Filter>
    </CustomBuild>
    <CustomBuild Include="card.h">
      <Filter>Header Files</Filter>
    </CustomBuild>
    <CustomBuild Include="aboutdialog.h">
      <Filter>Header Files</Filter>
    </CustomBuild>
    <CustomBuild Include="..\3rdparty\qtspeech\QtSpeech.h">
      <Filter>Header Files</Filter>
    </CustomBuild>
    <CustomBuild Include="..\3rdparty\qtsingleapplication\src\qtlocalpeer.h">
      <Filter>Header Files</Filter>
    </CustomBuild>
    <CustomBuild Include="..\3rdparty\qtsingleapplication\src\qtsingleapplication.h">
      <Filter>Header Files</Filter>
    </CustomBuild>
    <CustomBuild Include="deckformat.h">
      <Filter>Header Files</Filter>
    </CustomBuild>
    <CustomBuild Include="cardhistory.h">
      <Filter>Header Files</Filter>
    </CustomBuild>
    <CustomBuild Include="configdialog.h">
      <Filter>Header Files</Filter>
    </CustomBuild>
    <CustomBuild Include="configpages.h">
      <Filter>Header Files</Filter>
    </CustomBuild>
    <CustomBuild Include="constants.h">
      <Filter>Header Files</Filter>
    </CustomBuild>
    <CustomBuild Include="databasemanager.h">
      <Filter>Header Files</Filter>
    </CustomBuild>
    <CustomBuild Include="modifier.h">
      <Filter>Header Files</Filter>
    </CustomBuild>
    <CustomBuild Include="singleton.h">
      <Filter>Header Files</Filter>
    </CustomBuild>
    <CustomBuild Include="strings.h">
      <Filter>Header Files</Filter>
    </CustomBuild>
    <CustomBuild Include="utils.h">
      <Filter>Header Files</Filter>
    </CustomBuild>
    <CustomBuild Include="zlibwrappr.h">
      <Filter>Header Files</Filter>
    </CustomBuild>
    <CustomBuild Include="preferences.h">
      <Filter>Header Files</Filter>
    </CustomBuild>
    <CustomBuild Include="qxpushbutton.h">
      <Filter>Header Files</Filter>
    </CustomBuild>
    <CustomBuild Include="querydialog.h">
      <Filter>Header Files</Filter>
    </CustomBuild>
    <CustomBuild Include="images\query.png">
      <Filter>Resource Files</Filter>
    </CustomBuild>
    <CustomBuild Include="images\config.png">
      <Filter>Resource Files</Filter>
    </CustomBuild>
    <CustomBuild Include="images\config-general.png">
      <Filter>Resource Files</Filter>
    </CustomBuild>
    <CustomBuild Include="simplecrypt.h">
      <Filter>Header Files</Filter>
    </CustomBuild>
    <CustomBuild Include="images\config-deck.png">
      <Filter>Resource Files</Filter>
    </CustomBuild>
    <CustomBuild Include="images\config-network.png">
      <Filter>Resource Files</Filter>
    </CustomBuild>
    <CustomBuild Include="tempdeck.h">
      <Filter>Header Files</Filter>
    </CustomBuild>
    <CustomBuild Include="qxmessagebox.h">
      <Filter>Header Files</Filter>
    </CustomBuild>
    <CustomBuild Include="busyindicator.h">
      <Filter>Header Files</Filter>
    </CustomBuild>
    <CustomBuild Include="decklistdatamodel.h">
      <Filter>Header Files</Filter>
    </CustomBuild>
    <CustomBuild Include="decklistproxymodel.h">
      <Filter>Header Files</Filter>
    </CustomBuild>
    <CustomBuild Include="images\deck_96.png">
      <Filter>Resource Files</Filter>
    </CustomBuild>
    <CustomBuild Include="images\sort.png">
      <Filter>Resource Files</Filter>
    </CustomBuild>
    <CustomBuild Include="images\view-options.png">
      <Filter>Resource Files</Filter>
    </CustomBuild>
    <CustomBuild Include="decklistdatamodelsingle.h">
      <Filter>Header Files</Filter>
    </CustomBuild>
    <CustomBuild Include="uploaddialog.h">
      <Filter>Header Files</Filter>
    </CustomBuild>
    <CustomBuild Include="resource.h">
      <Filter>Header Files</Filter>
    </CustomBuild>
    <CustomBuild Include="filedownloader.h">
      <Filter>Header Files</Filter>
    </CustomBuild>
  </ItemGroup>
  <ItemGroup>
    <CustomBuild Include="dana.qrc">
      <Filter>Resource Files</Filter>
    </CustomBuild>
  </ItemGroup>
  <ItemGroup>
    <ResourceCompile Include="dana.rc" />
  </ItemGroup>
</Project>